
Microsoft Visual Studio Solution File, Format Version 12.00
# Visual Studio 2012
Project("{FAE04EC0-301F-11D3-BF4B-00C04F79EFBC}") = "StickyHeaderListView", "StickyHeaderListView\StickyHeaderListView.csproj", "{48FC76E2-8556-4CFB-BC44-655F4EAB03D5}"
EndProject
Project("{FAE04EC0-301F-11D3-BF4B-00C04F79EFBC}") = "StickyHeaderListView.iOS", "iOS\StickyHeaderListView.iOS.csproj", "{008D75CA-A697-46D0-8A39-60CBD088E6AB}"
EndProject
Project("{FAE04EC0-301F-11D3-BF4B-00C04F79EFBC}") = "StickyHeaderListView.Droid", "Droid\StickyHeaderListView.Droid.csproj", "{275DCCD5-EDE6-449A-9088-070A7E96B195}"
EndProject
Global
	GlobalSection(SolutionConfigurationPlatforms) = preSolution
		Debug|Any CPU = Debug|Any CPU
		Release|Any CPU = Release|Any CPU
		Debug|iPhoneSimulator = Debug|iPhoneSimulator
		Release|iPhone = Release|iPhone
		Release|iPhoneSimulator = Release|iPhoneSimulator
		Debug|iPhone = Debug|iPhone
	EndGlobalSection
	GlobalSection(ProjectConfigurationPlatforms) = postSolution
		{48FC76E2-8556-4CFB-BC44-655F4EAB03D5}.Debug|Any CPU.ActiveCfg = Debug|Any CPU
		{48FC76E2-8556-4CFB-BC44-655F4EAB03D5}.Debug|Any CPU.Build.0 = Debug|Any CPU
		{48FC76E2-8556-4CFB-BC44-655F4EAB03D5}.Release|Any CPU.ActiveCfg = Release|Any CPU
		{48FC76E2-8556-4CFB-BC44-655F4EAB03D5}.Release|Any CPU.Build.0 = Release|Any CPU
		{48FC76E2-8556-4CFB-BC44-655F4EAB03D5}.Debug|iPhoneSimulator.ActiveCfg = Debug|Any CPU
		{48FC76E2-8556-4CFB-BC44-655F4EAB03D5}.Debug|iPhoneSimulator.Build.0 = Debug|Any CPU
		{48FC76E2-8556-4CFB-BC44-655F4EAB03D5}.Release|iPhone.ActiveCfg = Release|Any CPU
		{48FC76E2-8556-4CFB-BC44-655F4EAB03D5}.Release|iPhone.Build.0 = Release|Any CPU
		{48FC76E2-8556-4CFB-BC44-655F4EAB03D5}.Release|iPhoneSimulator.ActiveCfg = Release|Any CPU
		{48FC76E2-8556-4CFB-BC44-655F4EAB03D5}.Release|iPhoneSimulator.Build.0 = Release|Any CPU
		{48FC76E2-8556-4CFB-BC44-655F4EAB03D5}.Debug|iPhone.ActiveCfg = Debug|Any CPU
		{48FC76E2-8556-4CFB-BC44-655F4EAB03D5}.Debug|iPhone.Build.0 = Debug|Any CPU
		{008D75CA-A697-46D0-8A39-60CBD088E6AB}.Debug|Any CPU.ActiveCfg = Debug|iPhoneSimulator
		{008D75CA-A697-46D0-8A39-60CBD088E6AB}.Debug|Any CPU.Build.0 = Debug|iPhoneSimulator
		{008D75CA-A697-46D0-8A39-60CBD088E6AB}.Release|Any CPU.ActiveCfg = Release|iPhone
		{008D75CA-A697-46D0-8A39-60CBD088E6AB}.Release|Any CPU.Build.0 = Release|iPhone
		{008D75CA-A697-46D0-8A39-60CBD088E6AB}.Debug|iPhoneSimulator.ActiveCfg = Debug|iPhoneSimulator
		{008D75CA-A697-46D0-8A39-60CBD088E6AB}.Debug|iPhoneSimulator.Build.0 = Debug|iPhoneSimulator
		{008D75CA-A697-46D0-8A39-60CBD088E6AB}.Release|iPhone.ActiveCfg = Release|iPhone
		{008D75CA-A697-46D0-8A39-60CBD088E6AB}.Release|iPhone.Build.0 = Release|iPhone
		{008D75CA-A697-46D0-8A39-60CBD088E6AB}.Release|iPhoneSimulator.ActiveCfg = Release|iPhoneSimulator
		{008D75CA-A697-46D0-8A39-60CBD088E6AB}.Release|iPhoneSimulator.Build.0 = Release|iPhoneSimulator
		{008D75CA-A697-46D0-8A39-60CBD088E6AB}.Debug|iPhone.ActiveCfg = Debug|iPhone
		{008D75CA-A697-46D0-8A39-60CBD088E6AB}.Debug|iPhone.Build.0 = Debug|iPhone
		{275DCCD5-EDE6-449A-9088-070A7E96B195}.Debug|Any CPU.ActiveCfg = Debug|Any CPU
		{275DCCD5-EDE6-449A-9088-070A7E96B195}.Debug|Any CPU.Build.0 = Debug|Any CPU
		{275DCCD5-EDE6-449A-9088-070A7E96B195}.Release|Any CPU.ActiveCfg = Release|Any CPU
		{275DCCD5-EDE6-449A-9088-070A7E96B195}.Release|Any CPU.Build.0 = Release|Any CPU
		{275DCCD5-EDE6-449A-9088-070A7E96B195}.Debug|iPhoneSimulator.ActiveCfg = Debug|Any CPU
		{275DCCD5-EDE6-449A-9088-070A7E96B195}.Debug|iPhoneSimulator.Build.0 = Debug|Any CPU
		{275DCCD5-EDE6-449A-9088-070A7E96B195}.Release|iPhone.ActiveCfg = Release|Any CPU
		{275DCCD5-EDE6-449A-9088-070A7E96B195}.Release|iPhone.Build.0 = Release|Any CPU
		{275DCCD5-EDE6-449A-9088-070A7E96B195}.Release|iPhoneSimulator.ActiveCfg = Release|Any CPU
		{275DCCD5-EDE6-449A-9088-070A7E96B195}.Release|iPhoneSimulator.Build.0 = Release|Any CPU
		{275DCCD5-EDE6-449A-9088-070A7E96B195}.Debug|iPhone.ActiveCfg = Debug|Any CPU
		{275DCCD5-EDE6-449A-9088-070A7E96B195}.Debug|iPhone.Build.0 = Debug|Any CPU
	EndGlobalSection
EndGlobal
